# THIS IS AN AUTOGENERATED FILE. DO NOT EDIT THIS FILE DIRECTLY.
# yarn lockfile v1

"accepts@^1.2.2":
  "integrity" "sha512-2wzn4SzQLKl9o0pwlXIRG3YBZj8aGUGfcJTIjhrOWusCZ6c5mjjvUnpf+07pjdheuuOtRIKYAd/3CX973Qv/vw=="
  "resolved" "https://registry.npmjs.org/accepts/-/accepts-1.3.4.tgz"
  "version" "1.3.4"
  dependencies:
    "mime-types" "~2.1.16"
    "negotiator" "0.6.1"

"accepts@1.3.3":
  "integrity" "sha512-AOPopplFOUlmUugwiZUCDpOwmqvSgdCyE8iJVLWI4NcB7qfMKQN34dn5xYtlUU03XGG5egRWW4NW5gIxpa5hEA=="
  "resolved" "https://registry.npmjs.org/accepts/-/accepts-1.3.3.tgz"
  "version" "1.3.3"
  dependencies:
    "mime-types" "~2.1.11"
    "negotiator" "0.6.1"

"after@0.8.2":
  "integrity" "sha512-QbJ0NTQ/I9DI3uSJA4cbexiwQeRAfjPScqIbSjUDd9TOrcg6pTkdgziesOqxBMBzit8vFCTwrP27t13vFOORRA=="
  "resolved" "https://registry.npmjs.org/after/-/after-0.8.2.tgz"
  "version" "0.8.2"

"any-promise@^1.1.0":
  "integrity" "sha512-7UvmKalWRt1wgjL1RrGxoSJW/0QZFIegpeGvZG9kjp8vrRu55XTHbwnqq2GpXm9uLbcuhxm3IqX9OB4MZR1b2A=="
  "resolved" "https://registry.npmjs.org/any-promise/-/any-promise-1.3.0.tgz"
  "version" "1.3.0"

"arraybuffer.slice@0.0.6":
  "integrity" "sha512-6ZjfQaBSy6CuIH0+B0NrxMfDE5VIOCP/5gOqSpEIsaAZx9/giszzrXg6PZ7G51U/n88UmlAgYLNQ9wAnII7PJA=="
  "resolved" "https://registry.npmjs.org/arraybuffer.slice/-/arraybuffer.slice-0.0.6.tgz"
  "version" "0.0.6"

"async-limiter@~1.0.0":
  "integrity" "sha512-jp/uFnooOiO+L211eZOoSyzpOITMXx1rBITauYykG3BRYPu8h0UcxsPNB04RR5vo4Tyz3+ay17tR6JVf9qzYWg=="
  "resolved" "https://registry.npmjs.org/async-limiter/-/async-limiter-1.0.0.tgz"
  "version" "1.0.0"

"backo2@1.0.2":
  "integrity" "sha512-zj6Z6M7Eq+PBZ7PQxl5NT665MvJdAkzp0f60nAJ+sLaSCBPMwVak5ZegFbgVCzFcCJTKFoMizvM5Ld7+JrRJHA=="
  "resolved" "https://registry.npmjs.org/backo2/-/backo2-1.0.2.tgz"
  "version" "1.0.2"

"base64-arraybuffer@0.1.5":
  "integrity" "sha512-437oANT9tP582zZMwSvZGy2nmSeAb8DW2me3y+Uv1Wp2Rulr8Mqlyrv3E7MLxmsiaPSMMDmiDVzgE+e8zlMx9g=="
  "resolved" "https://registry.npmjs.org/base64-arraybuffer/-/base64-arraybuffer-0.1.5.tgz"
  "version" "0.1.5"

"base64id@1.0.0":
  "integrity" "sha512-rz8L+d/xByiB/vLVftPkyY215fqNrmasrcJsYkVcm4TgJNz+YXKrFaFAWibSaHkiKoSgMDCb+lipOIRQNGYesw=="
  "resolved" "https://registry.npmjs.org/base64id/-/base64id-1.0.0.tgz"
  "version" "1.0.0"

"better-assert@~1.0.0":
  "integrity" "sha512-bYeph2DFlpK1XmGs6fvlLRUN29QISM3GBuUwSFsMY2XRx4AvC0WNCS57j4c/xGrK2RS24C1w3YoBOsw9fT46tQ=="
  "resolved" "https://registry.npmjs.org/better-assert/-/better-assert-1.0.2.tgz"
  "version" "1.0.2"
  dependencies:
    "callsite" "1.0.0"

"blob@0.0.4":
  "integrity" "sha512-YRc9zvVz4wNaxcXmiSgb9LAg7YYwqQ2xd0Sj6osfA7k/PKmIGVlnOYs3wOFdkRC9/JpQu8sGt/zHgJV7xzerfg=="
  "resolved" "https://registry.npmjs.org/blob/-/blob-0.0.4.tgz"
  "version" "0.0.4"

"callsite@1.0.0":
  "integrity" "sha512-0vdNRFXn5q+dtOqjfFtmtlI9N2eVZ7LMyEV2iKC5mEEFvSg/69Ml6b/WU2qF8W1nLRa0wiSrDT3Y5jOHZCwKPQ=="
  "resolved" "https://registry.npmjs.org/callsite/-/callsite-1.0.0.tgz"
  "version" "1.0.0"

"co@^4.6.0":
  "integrity" "sha512-QVb0dM5HvG+uaxitm8wONl7jltx8dqhfU33DcqtOZcLSVIKSDDLDi7+0LbAKiyI8hD9u42m2YxXSkMGWThaecQ=="
  "resolved" "https://registry.npmjs.org/co/-/co-4.6.0.tgz"
  "version" "4.6.0"

"component-bind@1.0.0":
  "integrity" "sha512-WZveuKPeKAG9qY+FkYDeADzdHyTYdIboXS59ixDeRJL5ZhxpqUnxSOwop4FQjMsiYm3/Or8cegVbpAHNA7pHxw=="
  "resolved" "https://registry.npmjs.org/component-bind/-/component-bind-1.0.0.tgz"
  "version" "1.0.0"

"component-emitter@1.2.1":
  "integrity" "sha512-jPatnhd33viNplKjqXKRkGU345p263OIWzDL2wH3LGIGp5Kojo+uXizHmOADRvhGFFTnJqX3jBAKP6vvmSDKcA=="
  "resolved" "https://registry.npmjs.org/component-emitter/-/component-emitter-1.2.1.tgz"
  "version" "1.2.1"

"component-inherit@0.0.3":
  "integrity" "sha512-w+LhYREhatpVqTESyGFg3NlP6Iu0kEKUHETY9GoZP/pQyW4mHFZuFWRUCIqVPZ36ueVLtoOEZaAqbCF2RDndaA=="
  "resolved" "https://registry.npmjs.org/component-inherit/-/component-inherit-0.0.3.tgz"
  "version" "0.0.3"

"content-disposition@~0.5.0":
  "integrity" "sha512-kRGRZw3bLlFISDBgwTSA1TMBFN6J6GWDeubmDE3AF+3+yXL8hTWv8r5rkLbqYXY4RjPk/EzHnClI3zQf1cFmHA=="
  "resolved" "https://registry.npmjs.org/content-disposition/-/content-disposition-0.5.2.tgz"
  "version" "0.5.2"

"content-type@^1.0.0":
  "integrity" "sha512-hIP3EEPs8tB9AT1L+NUqtwOAps4mk2Zob89MWXMHjHWg9milF/j4osnnQLXBCBFBk/tvIG/tUc9mOUJiPBhPXA=="
  "resolved" "https://registry.npmjs.org/content-type/-/content-type-1.0.4.tgz"
  "version" "1.0.4"

"cookie@0.3.1":
  "integrity" "sha512-+IJOX0OqlHCszo2mBUq+SrEbCj6w7Kpffqx60zYbPTFaO4+yYgRjHwcZNpWvaTylDHaV7PPmBHzSecZiMhtPgw=="
  "resolved" "https://registry.npmjs.org/cookie/-/cookie-0.3.1.tgz"
  "version" "0.3.1"

"cookies@~0.7.0":
  "integrity" "sha512-VX3KKCWrKjPnCwF78P60rnMfy1piVeObnjuKO4rBUyiSRYDgY/EqXbw3jX/uXmmdAPmayVJqdbLfJ0BRSfRZFg=="
  "resolved" "https://registry.npmjs.org/cookies/-/cookies-0.7.1.tgz"
  "version" "0.7.1"
  dependencies:
    "depd" "~1.1.1"
    "keygrip" "~1.0.2"

"debug@*":
  "integrity" "sha512-OX8XqP7/1a9cqkxYw2yXss15f26NKWBpDXQd0/uK/KPqdQhxbPa994hnzjcE2VqQpDslf55723cKPUOGSmMY3g=="
  "resolved" "https://registry.npmjs.org/debug/-/debug-3.1.0.tgz"
  "version" "3.1.0"
  dependencies:
    "ms" "2.0.0"

"debug@~2.6.4":
  "integrity" "sha512-bC7ElrdJaJnPbAP+1EotYvqZsb3ecl5wi6Bfi6BJTUcNowp6cvspg0jXznRTKDjm/E7AdgFBVeAPVMNcKGsHMA=="
  "resolved" "https://registry.npmjs.org/debug/-/debug-2.6.9.tgz"
  "version" "2.6.9"
  dependencies:
    "ms" "2.0.0"

"debug@~2.6.6":
  "integrity" "sha512-bC7ElrdJaJnPbAP+1EotYvqZsb3ecl5wi6Bfi6BJTUcNowp6cvspg0jXznRTKDjm/E7AdgFBVeAPVMNcKGsHMA=="
  "resolved" "https://registry.npmjs.org/debug/-/debug-2.6.9.tgz"
  "version" "2.6.9"
  dependencies:
    "ms" "2.0.0"

"debug@~2.6.9":
  "integrity" "sha512-bC7ElrdJaJnPbAP+1EotYvqZsb3ecl5wi6Bfi6BJTUcNowp6cvspg0jXznRTKDjm/E7AdgFBVeAPVMNcKGsHMA=="
  "resolved" "https://registry.npmjs.org/debug/-/debug-2.6.9.tgz"
  "version" "2.6.9"
  dependencies:
    "ms" "2.0.0"

"deep-equal@~1.0.1":
  "integrity" "sha512-bHtC0iYvWhyaTzvV3CZgPeZQqCOBGyGsVV7v4eevpdkLHfiSrXUdBG+qAuSz4RI70sszvjQ1QSZ98An1yNwpSw=="
  "resolved" "https://registry.npmjs.org/deep-equal/-/deep-equal-1.0.1.tgz"
  "version" "1.0.1"

"delegates@^1.0.0":
  "integrity" "sha512-bd2L678uiWATM6m5Z1VzNCErI3jiGzt6HGY8OVICs40JQq/HALfbyNJmp0UDakEY4pMMaN0Ly5om/B1VI/+xfQ=="
  "resolved" "https://registry.npmjs.org/delegates/-/delegates-1.0.0.tgz"
  "version" "1.0.0"

"depd@^1.1.0", "depd@~1.1.1", "depd@1.1.1":
  "integrity" "sha512-Jlk9xvkTDGXwZiIDyoM7+3AsuvJVoyOpRupvEVy9nX3YO3/ieZxhlgh8GpLNZ8AY7HjO6y2YwpMSh1ejhu3uIw=="
  "resolved" "https://registry.npmjs.org/depd/-/depd-1.1.1.tgz"
  "version" "1.1.1"

"destroy@^1.0.3":
  "integrity" "sha512-3NdhDuEXnfun/z7x9GOElY49LoqVHoGScmOKwmxhsS8N5Y+Z8KyPPDnaSzqWgYt/ji4mqwfTS34Htrk0zPIXVg=="
  "resolved" "https://registry.npmjs.org/destroy/-/destroy-1.0.4.tgz"
  "version" "1.0.4"

"ee-first@1.1.1":
  "integrity" "sha512-WMwm9LhRUo+WUaRN+vRuETqG89IgZphVSNkdFgeb6sS/E4OrDIN7t48CAewSHXc6C8lefD8KKfr5vY61brQlow=="
  "resolved" "https://registry.npmjs.org/ee-first/-/ee-first-1.1.1.tgz"
  "version" "1.1.1"

"engine.io-client@~3.1.0":
  "integrity" "sha512-yWy1YeOAgi5HmRxKOkkU6ZydD24ugS20XER74PMFKDGoK9sq4pRE6JeV9riwy5LdST28lRRdATmh3CWZgR4ddg=="
  "resolved" "https://registry.npmjs.org/engine.io-client/-/engine.io-client-3.1.4.tgz"
  "version" "3.1.4"
  dependencies:
    "component-emitter" "1.2.1"
    "component-inherit" "0.0.3"
    "debug" "~2.6.9"
    "engine.io-parser" "~2.1.1"
    "has-cors" "1.1.0"
    "indexof" "0.0.1"
    "parseqs" "0.0.5"
    "parseuri" "0.0.5"
    "ws" "~3.3.1"
    "xmlhttprequest-ssl" "~1.5.4"
    "yeast" "0.1.2"

"engine.io-parser@~2.1.0", "engine.io-parser@~2.1.1":
  "integrity" "sha512-epRXT0+crLf5NIBBZwkS6rq5OBx+SoHzrWO0mjEbrEKsX2U3LVAQbtmkBda07mvZI2RGN2yL+kJ1WhjNTkd2tg=="
  "resolved" "https://registry.npmjs.org/engine.io-parser/-/engine.io-parser-2.1.1.tgz"
  "version" "2.1.1"
  dependencies:
    "after" "0.8.2"
    "arraybuffer.slice" "0.0.6"
    "base64-arraybuffer" "0.1.5"
    "blob" "0.0.4"
    "has-binary2" "~1.0.2"

"engine.io@~3.1.0":
  "integrity" "sha512-JGmpoGbS3eL/40CZtP8pcsjUQw90GZpKg35Djk4qfO8zqVln6gdbZC4vskZzaWsx7ofgX4aKs04qn4wDq8uBLg=="
  "resolved" "https://registry.npmjs.org/engine.io/-/engine.io-3.1.4.tgz"
  "version" "3.1.4"
  dependencies:
    "accepts" "1.3.3"
    "base64id" "1.0.0"
    "cookie" "0.3.1"
    "debug" "~2.6.9"
    "engine.io-parser" "~2.1.0"
    "ws" "~3.3.1"
  optionalDependencies:
    "uws" "~0.14.4"

"error-inject@~1.0.0":
  "integrity" "sha512-JM8N6PytDbmIYm1IhPWlo8vr3NtfjhDY/1MhD/a5b/aad/USE8a0+NsqE9d5n+GVGmuNkPQWm4bFQWv18d8tMg=="
  "resolved" "https://registry.npmjs.org/error-inject/-/error-inject-1.0.0.tgz"
  "version" "1.0.0"

"escape-html@~1.0.1":
  "integrity" "sha512-NiSupZ4OeuGwr68lGIeym/ksIZMJodUGOSCZ/FSnTxcrekbvqrgdUxlJOMpijaKZVjAJrWrGs/6Jy8OMuyj9ow=="
  "resolved" "https://registry.npmjs.org/escape-html/-/escape-html-1.0.3.tgz"
  "version" "1.0.3"

"fresh@^0.5.2":
  "integrity" "sha512-zJ2mQYM18rEFOudeV4GShTGIQ7RbzA7ozbU9I/XBpm7kqgMywgmylMwXHxZJmkVoYkna9d2pVXVXPdYTP9ej8Q=="
  "resolved" "https://registry.npmjs.org/fresh/-/fresh-0.5.2.tgz"
  "version" "0.5.2"

"has-binary2@~1.0.2":
  "integrity" "sha512-hO7xYyW8I0GiCZdnLSrPF6MPMhjvGGlms2wRrr7o3OTzYoOw3jSh6dn1XSbyWMRCJBtSjZcZwEwsXSF/ADLTZw=="
  "resolved" "https://registry.npmjs.org/has-binary2/-/has-binary2-1.0.2.tgz"
  "version" "1.0.2"
  dependencies:
    "isarray" "2.0.1"

"has-cors@1.1.0":
  "integrity" "sha512-g5VNKdkFuUuVCP9gYfDJHjK2nqdQJ7aDLTnycnc2+RvsOQbuLdF5pm7vuE5J76SEBIQjs4kQY/BWq74JUmjbXA=="
  "resolved" "https://registry.npmjs.org/has-cors/-/has-cors-1.1.0.tgz"
  "version" "1.1.0"

"http-assert@^1.1.0":
  "integrity" "sha512-9vEIVo9kX1YsaNPuYF22VoTarbI3OcRZhzLWfxRwygKL3hi+FURfvwdPOYmmBMBTnR2Nv5mCjQOLeDiIuzfE5g=="
  "resolved" "https://registry.npmjs.org/http-assert/-/http-assert-1.3.0.tgz"
  "version" "1.3.0"
  dependencies:
    "deep-equal" "~1.0.1"
    "http-errors" "~1.6.1"

"http-errors@^1.2.8", "http-errors@~1.6.1":
  "integrity" "sha512-STnYGcKMXL9CGdtpeTFnLmgMSHTTNQJSHxiC4DETHKf934Q160Ht5pljrNeH24S0O9xUN+9vsDJZdZtk5js6Ww=="
  "resolved" "https://registry.npmjs.org/http-errors/-/http-errors-1.6.2.tgz"
  "version" "1.6.2"
  dependencies:
    "depd" "1.1.1"
    "inherits" "2.0.3"
    "setprototypeof" "1.0.3"
    "statuses" ">= 1.3.1 < 2"

"indexof@0.0.1":
  "integrity" "sha512-i0G7hLJ1z0DE8dsqJa2rycj9dBmNKgXBvotXtZYXakU9oivfB9Uj2ZBC27qqef2U58/ZLwalxa1X/RDCdkHtVg=="
  "resolved" "https://registry.npmjs.org/indexof/-/indexof-0.0.1.tgz"
  "version" "0.0.1"

"inherits@2.0.3":
  "integrity" "sha512-x00IRNXNy63jwGkJmzPigoySHbaqpNuzKbBOmzK+g2OdZpQ9w+sxCN+VSB3ja7IAge2OP2qpfxTjeNcyjmW1uw=="
  "resolved" "https://registry.npmjs.org/inherits/-/inherits-2.0.3.tgz"
  "version" "2.0.3"

"is-generator-function@^1.0.3":
  "integrity" "sha512-42rSiea6kme5O+AvAwoM8RaiO/aYzzGdVr8eLflrSXuI9VvfyXjdAdhN0YQ1uBVkNGyo96/0kcZQ0x6xhu01gg=="
  "resolved" "https://registry.npmjs.org/is-generator-function/-/is-generator-function-1.0.6.tgz"
  "version" "1.0.6"

"isarray@2.0.1":
  "integrity" "sha512-c2cu3UxbI+b6kR3fy0nRnAhodsvR9dx7U5+znCOzdj6IfP3upFURTr0Xl5BlQZNKZjEtxrmVyfSdeE3O57smoQ=="
  "resolved" "https://registry.npmjs.org/isarray/-/isarray-2.0.1.tgz"
  "version" "2.0.1"

"keygrip@~1.0.2":
  "integrity" "sha512-2pFnxJI3HUPGo8gfxwgTSGqGdRIsgdvhV7SVDXLuIy2op/KHlUx58RN/5hvuhDMc556gRHIpFobt8u+mqUWuZQ=="
  "resolved" "https://registry.npmjs.org/keygrip/-/keygrip-1.0.2.tgz"
  "version" "1.0.2"

"koa-compose@^3.0.0":
  "integrity" "sha512-8gen2cvKHIZ35eDEik5WOo8zbVp9t4cP8p4hW4uE55waxolLRexKKrqfCpwhGVppnB40jWeF8bZeTVg99eZgPw=="
  "resolved" "https://registry.npmjs.org/koa-compose/-/koa-compose-3.2.1.tgz"
  "version" "3.2.1"
  dependencies:
    "any-promise" "^1.1.0"

"koa-compose@^4.0.0":
  "integrity" "sha512-4KEX0PxKGP6/DZ2IOFIE5yNosCZB6Bl/Gtb7kqBHqYBS1Ym6utuoP90SkNjDGlxkXnqdCyF88aWLQnTMB8x9Lg=="
  "resolved" "https://registry.npmjs.org/koa-compose/-/koa-compose-4.0.0.tgz"
  "version" "4.0.0"

"koa-convert@^1.2.0":
  "integrity" "sha512-K9XqjmEDStGX09v3oxR7t5uPRy0jqJdvodHa6wxWTHrTfDq0WUNnYTOOUZN6g8OM8oZQXprQASbiIXG2Ez8ehA=="
  "resolved" "https://registry.npmjs.org/koa-convert/-/koa-convert-1.2.0.tgz"
  "version" "1.2.0"
  dependencies:
    "co" "^4.6.0"
    "koa-compose" "^3.0.0"

"koa-is-json@^1.0.0":
  "integrity" "sha512-+97CtHAlWDx0ndt0J8y3P12EWLwTLMXIfMnYDev3wOTwH/RpBGMlfn4bDXlMEg1u73K6XRE9BbUp+5ZAYoRYWw=="
  "resolved" "https://registry.npmjs.org/koa-is-json/-/koa-is-json-1.0.0.tgz"
  "version" "1.0.0"

"koa@^2.3.0":
  "integrity" "sha512-3caQ9OyLDYSL3wAhVfv2s9k3tLNgW18QxnKIPaRjzG9uXyDhp4tOo+U+XtbY+xbzEiCW5smjxMCegpZqCjmjMw=="
  "resolved" "https://registry.npmjs.org/koa/-/koa-2.4.1.tgz"
  "version" "2.4.1"
  dependencies:
    "accepts" "^1.2.2"
    "content-disposition" "~0.5.0"
    "content-type" "^1.0.0"
    "cookies" "~0.7.0"
    "debug" "*"
    "delegates" "^1.0.0"
    "depd" "^1.1.0"
    "destroy" "^1.0.3"
    "error-inject" "~1.0.0"
    "escape-html" "~1.0.1"
    "fresh" "^0.5.2"
    "http-assert" "^1.1.0"
    "http-errors" "^1.2.8"
    "is-generator-function" "^1.0.3"
    "koa-compose" "^4.0.0"
    "koa-convert" "^1.2.0"
    "koa-is-json" "^1.0.0"
    "mime-types" "^2.0.7"
    "on-finished" "^2.1.0"
    "only" "0.0.2"
    "parseurl" "^1.3.0"
    "statuses" "^1.2.0"
    "type-is" "^1.5.5"
    "vary" "^1.0.0"

"media-typer@0.3.0":
  "integrity" "sha512-dq+qelQ9akHpcOl/gUVRTxVIOkAJ1wR3QAvb4RsVjS8oVoFjDGTc679wJYmUmknUF5HwMLOgb5O+a3KxfWapPQ=="
  "resolved" "https://registry.npmjs.org/media-typer/-/media-typer-0.3.0.tgz"
  "version" "0.3.0"

"mime-db@~1.30.0":
  "integrity" "sha512-SUaL89ROHF5P6cwrhLxE1Xmk60cFcctcJl3zwMeQWcoQzt0Al/X8qxUz2gi19NECqYspzbYpAJryIRnLcjp20g=="
  "resolved" "https://registry.npmjs.org/mime-db/-/mime-db-1.30.0.tgz"
  "version" "1.30.0"

"mime-types@^2.0.7", "mime-types@~2.1.11", "mime-types@~2.1.15", "mime-types@~2.1.16":
  "integrity" "sha512-rOFZoFAbaupSpzARUe5CU1P9mwfX+lIFAuj0soNsEZEnrHu6LZNyV7/FClEB/oF9A1o5KStlumRjW6D4Q2FRCA=="
  "resolved" "https://registry.npmjs.org/mime-types/-/mime-types-2.1.17.tgz"
  "version" "2.1.17"
  dependencies:
    "mime-db" "~1.30.0"

"ms@2.0.0":
  "integrity" "sha512-Tpp60P6IUJDTuOq/5Z8cdskzJujfwqfOTkrwIwj7IRISpnkJnT6SyJ4PCPnGMoFjC9ddhal5KVIYtAt97ix05A=="
  "resolved" "https://registry.npmjs.org/ms/-/ms-2.0.0.tgz"
  "version" "2.0.0"

"negotiator@0.6.1":
  "integrity" "sha512-qTxkr1RoLw5Pz+1+PTJ/66hWuyi2LEOeOuIDJDlx6JF8x75bmD5C7qXTg2UlX5W9rLfkqKP+r8q6Vy6NWdWrbw=="
  "resolved" "https://registry.npmjs.org/negotiator/-/negotiator-0.6.1.tgz"
  "version" "0.6.1"

"object-component@0.0.3":
  "integrity" "sha512-S0sN3agnVh2SZNEIGc0N1X4Z5K0JeFbGBrnuZpsxuUh5XLF0BnvWkMjRXo/zGKLd/eghvNIKcx1pQkmUjXIyrA=="
  "resolved" "https://registry.npmjs.org/object-component/-/object-component-0.0.3.tgz"
  "version" "0.0.3"

"on-finished@^2.1.0":
  "integrity" "sha512-ikqdkGAAyf/X/gPhXGvfgAytDZtDbr+bkNUJ0N9h5MI/dmdgCs3l6hoHrcUv41sRKew3jIwrp4qQDXiK99Utww=="
  "resolved" "https://registry.npmjs.org/on-finished/-/on-finished-2.3.0.tgz"
  "version" "2.3.0"
  dependencies:
    "ee-first" "1.1.1"

"only@0.0.2":
  "integrity" "sha512-Fvw+Jemq5fjjyWz6CpKx6w9s7xxqo3+JCyM0WXWeCSOboZ8ABkyvP8ID4CZuChA/wxSx+XSJmdOm8rGVyJ1hdQ=="
  "resolved" "https://registry.npmjs.org/only/-/only-0.0.2.tgz"
  "version" "0.0.2"

"parseqs@0.0.5":
  "integrity" "sha512-B3Nrjw2aL7aI4TDujOzfA4NsEc4u1lVcIRE0xesutH8kjeWF70uk+W5cBlIQx04zUH9NTBvuN36Y9xLRPK6Jjw=="
  "resolved" "https://registry.npmjs.org/parseqs/-/parseqs-0.0.5.tgz"
  "version" "0.0.5"
  dependencies:
    "better-assert" "~1.0.0"

"parseuri@0.0.5":
  "integrity" "sha512-ijhdxJu6l5Ru12jF0JvzXVPvsC+VibqeaExlNoMhWN6VQ79PGjkmc7oA4W1lp00sFkNyj0fx6ivPLdV51/UMog=="
  "resolved" "https://registry.npmjs.org/parseuri/-/parseuri-0.0.5.tgz"
  "version" "0.0.5"
  dependencies:
    "better-assert" "~1.0.0"

"parseurl@^1.3.0":
  "integrity" "sha512-DjIMrEiCuzD/Xsr69WhcPCTeb6iZP5JgL/DZ3cYz0zMnyiXiscoqC6LLV2dYwQHfy9O+twCDVVPiFWb7xZhaOw=="
  "resolved" "https://registry.npmjs.org/parseurl/-/parseurl-1.3.2.tgz"
  "version" "1.3.2"

"safe-buffer@~5.1.0":
  "integrity" "sha512-kKvNJn6Mm93gAczWVJg7wH+wGYWNrDHdWvpUmHyEsgCtIwwo3bqPtV4tR5tuPaUhTOo/kvhVwd8XwwOllGYkbg=="
  "resolved" "https://registry.npmjs.org/safe-buffer/-/safe-buffer-5.1.1.tgz"
  "version" "5.1.1"

"setprototypeof@1.0.3":
  "integrity" "sha512-9jphSf3UbIgpOX/RKvX02iw/rN2TKdusnsPpGfO/rkcsrd+IRqgHZb4VGnmL0Cynps8Nj2hN45wsi30BzrHDIw=="
  "resolved" "https://registry.npmjs.org/setprototypeof/-/setprototypeof-1.0.3.tgz"
  "version" "1.0.3"

"socket.io-adapter@~1.1.0":
  "integrity" "sha512-a8zS9B5yaggPHh4odsSZJmMmHsVi4eOym5zIjTALl6GQCkOCghorCGQjBCke3WKbY14lgHh7L1E7ZBZy8/sYrQ=="
  "resolved" "https://registry.npmjs.org/socket.io-adapter/-/socket.io-adapter-1.1.1.tgz"
  "version" "1.1.1"

"socket.io-client@2.0.4":
  "integrity" "sha512-dy30gOeQu8nitka60xDG1xutwmIiW+0pPBbBBZLgBCO2Sr4BODyxzcPDqiY2ZaV4kpAZguikwvRpo136mU5r0Q=="
  "resolved" "https://registry.npmjs.org/socket.io-client/-/socket.io-client-2.0.4.tgz"
  "version" "2.0.4"
  dependencies:
    "backo2" "1.0.2"
    "base64-arraybuffer" "0.1.5"
    "component-bind" "1.0.0"
    "component-emitter" "1.2.1"
    "debug" "~2.6.4"
    "engine.io-client" "~3.1.0"
    "has-cors" "1.1.0"
    "indexof" "0.0.1"
    "object-component" "0.0.3"
    "parseqs" "0.0.5"
    "parseuri" "0.0.5"
    "socket.io-parser" "~3.1.1"
    "to-array" "0.1.4"

"socket.io-parser@~3.1.1":
  "integrity" "sha512-X/2VzU82iSIKyhivQjgM9nR4czG7vQ8AlM5z8+zdu3XbUTddulYlhLCP/nlT6VTua4SsmCyi/3h8YSOwPZA8Yw=="
  "resolved" "https://registry.npmjs.org/socket.io-parser/-/socket.io-parser-3.1.2.tgz"
  "version" "3.1.2"
  dependencies:
    "component-emitter" "1.2.1"
    "debug" "~2.6.4"
    "has-binary2" "~1.0.2"
    "isarray" "2.0.1"

"socket.io@^2.0.3":
  "integrity" "sha512-8B/grLCFDGU1jtp6BxAjSFZAXTqnSxqelNJi8n/izlYjZaP0armkGF+BgS2ZJbm9bI5Yq7v9kNCuTbmIHVzuyA=="
  "resolved" "https://registry.npmjs.org/socket.io/-/socket.io-2.0.4.tgz"
  "version" "2.0.4"
  dependencies:
    "debug" "~2.6.6"
    "engine.io" "~3.1.0"
    "socket.io-adapter" "~1.1.0"
    "socket.io-client" "2.0.4"
    "socket.io-parser" "~3.1.1"

"statuses@^1.2.0", "statuses@>= 1.3.1 < 2":
  "integrity" "sha512-zhSCtt8v2NDrRlPQpCNtw/heZLtfUDqxBM1udqikb/Hbk52LK4nQSwr10u77iopCW5LsyHpuXS0GnEc48mLeew=="
  "resolved" "https://registry.npmjs.org/statuses/-/statuses-1.4.0.tgz"
  "version" "1.4.0"

"to-array@0.1.4":
  "integrity" "sha512-LhVdShQD/4Mk4zXNroIQZJC+Ap3zgLcDuwEdcmLv9CCO73NWockQDwyUnW/m8VX/EElfL6FcYx7EeutN4HJA6A=="
  "resolved" "https://registry.npmjs.org/to-array/-/to-array-0.1.4.tgz"
  "version" "0.1.4"

"type-is@^1.5.5":
  "integrity" "sha512-0uqZYZDiBICTVXEsNcDLueZLPgZ8FgGe8lmVDQ0FcVFUeaxsPbFWiz60ZChVw8VELIt7iGuCehOrZSYjYteWKQ=="
  "resolved" "https://registry.npmjs.org/type-is/-/type-is-1.6.15.tgz"
  "version" "1.6.15"
  dependencies:
    "media-typer" "0.3.0"
    "mime-types" "~2.1.15"

"ultron@~1.1.0":
  "integrity" "sha512-oj26QVZw1d9uMG7FFsWh+Zx/fP+geU02+peZAXd2BQ4AhLIwQ+oLnnjydgsxw7L+oYKpMAWJYY0C4zj/yb8q5A=="
  "resolved" "https://registry.npmjs.org/ultron/-/ultron-1.1.0.tgz"
  "version" "1.1.0"

"uws@~0.14.4":
  "integrity" "sha512-oMU9WJmbsu0M2oGXJ8vgbDSTLxAGCfvLGg1knjH07E9LgKTQ1cdDTGMwUl8bvEwsfKiAiwLEWRbE+hC/Qvtsjw=="
  "resolved" "https://registry.npmjs.org/uws/-/uws-0.14.5.tgz"
  "version" "0.14.5"

"vary@^1.0.0":
  "integrity" "sha512-BNGbWLfd0eUPabhkXUVm0j8uuvREyTh5ovRa/dyow/BqAbZJyC+5fU+IzQOzmAKzYqYRAISoRhdQr3eIZ/PXqg=="
  "resolved" "https://registry.npmjs.org/vary/-/vary-1.1.2.tgz"
  "version" "1.1.2"

"ws@~3.3.1":
  "integrity" "sha512-8A/uRMnQy8KCQsmep1m7Bk+z/+LIkeF7w+TDMLtX1iZm5Hq9HsUDmgFGaW1ACW5Cj0b2Qo7wCvRhYN2ErUVp/A=="
  "resolved" "https://registry.npmjs.org/ws/-/ws-3.3.1.tgz"
  "version" "3.3.1"
  dependencies:
    "async-limiter" "~1.0.0"
    "safe-buffer" "~5.1.0"
    "ultron" "~1.1.0"

"xmlhttprequest-ssl@~1.5.4":
  "integrity" "sha512-VKAi/DzskQnubBLF/rhJhtizK0Kp2ACZvN+hl2Y0n/iaNHG7LnaUxSBK5VhRxSwmjcP4pAIFqs7ajNA7juQo/g=="
  "resolved" "https://registry.npmjs.org/xmlhttprequest-ssl/-/xmlhttprequest-ssl-1.5.4.tgz"
  "version" "1.5.4"

"yeast@0.1.2":
  "integrity" "sha512-8HFIh676uyGYP6wP13R/j6OJ/1HwJ46snpvzE7aHAN3Ryqh2yX6Xox2B4CUmTwwOIzlG3Bs7ocsP5dZH/R1Qbg=="
  "resolved" "https://registry.npmjs.org/yeast/-/yeast-0.1.2.tgz"
  "version" "0.1.2"
